Microsoft Visual Studio Solution File, Format Version 11.00
# Visual Studio 2008

Project("{A2B89105-A518-E1A2-561F-0B967C2823D0}") = "Escape-from-Rogue-Planet", "Assembly-CSharp-firstpass.csproj", "{6946257A-3F3F-E378-54DD-7FB4F97A3EA3}"
EndProject
Project("{A2B89105-A518-E1A2-561F-0B967C2823D0}") = "Escape-from-Rogue-Planet", "Assembly-CSharp.csproj", "{9439AED8-E0B3-EB2F-638A-11D0DB9661F0}"
EndProject
Project("{A2B89105-A518-E1A2-561F-0B967C2823D0}") = "Escape-from-Rogue-Planet", "Assembly-CSharp-Editor.csproj", "{CDECE0F7-63B3-F42F-1F85-997097C49BAE}"
EndProject
Global
	GlobalSection(SolutionConfigurationPlatforms) = preSolution
		Debug|Any CPU = Debug|Any CPU
		Release|Any CPU = Release|Any CPU
	EndGlobalSection
	GlobalSection(ProjectConfigurationPlatforms) = postSolution
		{6946257A-3F3F-E378-54DD-7FB4F97A3EA3}.Debug|Any CPU.ActiveCfg = Debug|Any CPU
		{6946257A-3F3F-E378-54DD-7FB4F97A3EA3}.Debug|Any CPU.Build.0 = Debug|Any CPU
		{6946257A-3F3F-E378-54DD-7FB4F97A3EA3}.Release|Any CPU.ActiveCfg = Release|Any CPU
		{6946257A-3F3F-E378-54DD-7FB4F97A3EA3}.Release|Any CPU.Build.0 = Release|Any CPU
		{9439AED8-E0B3-EB2F-638A-11D0DB9661F0}.Debug|Any CPU.ActiveCfg = Debug|Any CPU
		{9439AED8-E0B3-EB2F-638A-11D0DB9661F0}.Debug|Any CPU.Build.0 = Debug|Any CPU
		{9439AED8-E0B3-EB2F-638A-11D0DB9661F0}.Release|Any CPU.ActiveCfg = Release|Any CPU
		{9439AED8-E0B3-EB2F-638A-11D0DB9661F0}.Release|Any CPU.Build.0 = Release|Any CPU
		{CDECE0F7-63B3-F42F-1F85-997097C49BAE}.Debug|Any CPU.ActiveCfg = Debug|Any CPU
		{CDECE0F7-63B3-F42F-1F85-997097C49BAE}.Debug|Any CPU.Build.0 = Debug|Any CPU
		{CDECE0F7-63B3-F42F-1F85-997097C49BAE}.Release|Any CPU.ActiveCfg = Release|Any CPU
		{CDECE0F7-63B3-F42F-1F85-997097C49BAE}.Release|Any CPU.Build.0 = Release|Any CPU
	EndGlobalSection
	GlobalSection(SolutionProperties) = preSolution
		HideSolutionNode = FALSE
	EndGlobalSection
	GlobalSection(MonoDevelopProperties) = preSolution
		StartupItem = Assembly-CSharp.csproj
	EndGlobalSection
EndGlobal
