
Microsoft Visual Studio Solution File, Format Version 12.00
# Visual Studio 2015
Project("{FAE04EC0-301F-11D3-BF4B-00C04F79EFBC}") = "Escape-from-Rogue-Planet.CSharp.Plugins", "Escape-from-Rogue-Planet.CSharp.Plugins.csproj", "{842DE52A-7E85-7B83-6AC3-1D06B85EA098}"
EndProject
Project("{FAE04EC0-301F-11D3-BF4B-00C04F79EFBC}") = "Escape-from-Rogue-Planet.CSharp", "Escape-from-Rogue-Planet.CSharp.csproj", "{914D4731-1577-7D31-A247-7DEE316FB175}"
EndProject
Project("{FAE04EC0-301F-11D3-BF4B-00C04F79EFBC}") = "Escape-from-Rogue-Planet.CSharp.Editor", "Escape-from-Rogue-Planet.CSharp.Editor.csproj", "{62C7D8F3-B272-194A-4EEF-1DF8B00914D7}"
EndProject
Global
	GlobalSection(SolutionConfigurationPlatforms) = preSolution
		Debug|Any CPU = Debug|Any CPU
		Release|Any CPU = Release|Any CPU
	EndGlobalSection
	GlobalSection(ProjectConfigurationPlatforms) = postSolution
		{842DE52A-7E85-7B83-6AC3-1D06B85EA098}.Debug|Any CPU.ActiveCfg = Debug|Any CPU
		{842DE52A-7E85-7B83-6AC3-1D06B85EA098}.Debug|Any CPU.Build.0 = Debug|Any CPU
		{842DE52A-7E85-7B83-6AC3-1D06B85EA098}.Release|Any CPU.ActiveCfg = Release|Any CPU
		{842DE52A-7E85-7B83-6AC3-1D06B85EA098}.Release|Any CPU.Build.0 = Release|Any CPU
		{914D4731-1577-7D31-A247-7DEE316FB175}.Debug|Any CPU.ActiveCfg = Debug|Any CPU
		{914D4731-1577-7D31-A247-7DEE316FB175}.Debug|Any CPU.Build.0 = Debug|Any CPU
		{914D4731-1577-7D31-A247-7DEE316FB175}.Release|Any CPU.ActiveCfg = Release|Any CPU
		{914D4731-1577-7D31-A247-7DEE316FB175}.Release|Any CPU.Build.0 = Release|Any CPU
		{62C7D8F3-B272-194A-4EEF-1DF8B00914D7}.Debug|Any CPU.ActiveCfg = Debug|Any CPU
		{62C7D8F3-B272-194A-4EEF-1DF8B00914D7}.Debug|Any CPU.Build.0 = Debug|Any CPU
		{62C7D8F3-B272-194A-4EEF-1DF8B00914D7}.Release|Any CPU.ActiveCfg = Release|Any CPU
		{62C7D8F3-B272-194A-4EEF-1DF8B00914D7}.Release|Any CPU.Build.0 = Release|Any CPU
	EndGlobalSection
	GlobalSection(SolutionProperties) = preSolution
		HideSolutionNode = FALSE
	EndGlobalSection
EndGlobal
